
Microsoft Visual Studio Solution File, Format Version 12.00
# Visual Studio Version 17
VisualStudioVersion = 17.6.33712.159
MinimumVisualStudioVersion = 10.0.40219.1
Project("{FAE04EC0-301F-11D3-BF4B-00C04F79EFBC}") = "Excel3DGraphProject", "Excel3DGraphProject.csproj", "{6F1E79B3-5517-464F-A14B-1669BEE0D22D}"
EndProject
Project("{FAE04EC0-301F-11D3-BF4B-00C04F79EFBC}") = "Excel3DGraphProjectWeb", "..\Excel3DGraphProjectWeb\Excel3DGraphProjectWeb.csproj", "{78E6B216-1DC5-45C3-832D-6C6D45FB635A}"
EndProject
Global
	GlobalSection(SolutionConfigurationPlatforms) = preSolution
		Debug|Any CPU = Debug|Any CPU
		Release|Any CPU = Release|Any CPU
	EndGlobalSection
	GlobalSection(ProjectConfigurationPlatforms) = postSolution
		{6F1E79B3-5517-464F-A14B-1669BEE0D22D}.Debug|Any CPU.ActiveCfg = Debug|Any CPU
		{6F1E79B3-5517-464F-A14B-1669BEE0D22D}.Debug|Any CPU.Build.0 = Debug|Any CPU
		{6F1E79B3-5517-464F-A14B-1669BEE0D22D}.Debug|Any CPU.Deploy.0 = Debug|Any CPU
		{6F1E79B3-5517-464F-A14B-1669BEE0D22D}.Release|Any CPU.ActiveCfg = Release|Any CPU
		{6F1E79B3-5517-464F-A14B-1669BEE0D22D}.Release|Any CPU.Build.0 = Release|Any CPU
		{6F1E79B3-5517-464F-A14B-1669BEE0D22D}.Release|Any CPU.Deploy.0 = Release|Any CPU
		{78E6B216-1DC5-45C3-832D-6C6D45FB635A}.Debug|Any CPU.ActiveCfg = Debug|Any CPU
		{78E6B216-1DC5-45C3-832D-6C6D45FB635A}.Debug|Any CPU.Build.0 = Debug|Any CPU
		{78E6B216-1DC5-45C3-832D-6C6D45FB635A}.Release|Any CPU.ActiveCfg = Release|Any CPU
		{78E6B216-1DC5-45C3-832D-6C6D45FB635A}.Release|Any CPU.Build.0 = Release|Any CPU
	EndGlobalSection
	GlobalSection(SolutionProperties) = preSolution
		HideSolutionNode = FALSE
	EndGlobalSection
	GlobalSection(ExtensibilityGlobals) = postSolution
		SolutionGuid = {FEB402BF-D155-4052-950D-426CF6C463E8}
	EndGlobalSection
EndGlobal
